
Microsoft Visual Studio Solution File, Format Version 12.00
# Visual Studio Version 16
VisualStudioVersion = 16.0.30413.136
MinimumVisualStudioVersion = 10.0.40219.1
Project("{FAE04EC0-301F-11D3-BF4B-00C04F79EFBC}") = "Lab2Tests", "Lab2Tests.csproj", "{A58F1FCA-8461-4B8E-8BC1-6853187F6317}"
EndProject
Project("{FAE04EC0-301F-11D3-BF4B-00C04F79EFBC}") = "INeedToBeTestedClassTests", "..\INeedToBeTestedClassTests\INeedToBeTestedClassTests.csproj", "{F9ED01F6-6EEF-4894-A30D-E607D3F35B98}"
EndProject
Global
	GlobalSection(SolutionConfigurationPlatforms) = preSolution
		Debug|Any CPU = Debug|Any CPU
		Release|Any CPU = Release|Any CPU
	EndGlobalSection
	GlobalSection(ProjectConfigurationPlatforms) = postSolution
		{A58F1FCA-8461-4B8E-8BC1-6853187F6317}.Debug|Any CPU.ActiveCfg = Debug|Any CPU
		{A58F1FCA-8461-4B8E-8BC1-6853187F6317}.Debug|Any CPU.Build.0 = Debug|Any CPU
		{A58F1FCA-8461-4B8E-8BC1-6853187F6317}.Release|Any CPU.ActiveCfg = Release|Any CPU
		{A58F1FCA-8461-4B8E-8BC1-6853187F6317}.Release|Any CPU.Build.0 = Release|Any CPU
		{F9ED01F6-6EEF-4894-A30D-E607D3F35B98}.Debug|Any CPU.ActiveCfg = Debug|Any CPU
		{F9ED01F6-6EEF-4894-A30D-E607D3F35B98}.Debug|Any CPU.Build.0 = Debug|Any CPU
		{F9ED01F6-6EEF-4894-A30D-E607D3F35B98}.Release|Any CPU.ActiveCfg = Release|Any CPU
		{F9ED01F6-6EEF-4894-A30D-E607D3F35B98}.Release|Any CPU.Build.0 = Release|Any CPU
	EndGlobalSection
	GlobalSection(SolutionProperties) = preSolution
		HideSolutionNode = FALSE
	EndGlobalSection
	GlobalSection(ExtensibilityGlobals) = postSolution
		SolutionGuid = {A61265C6-CDB2-4D3D-A329-F4478C8D445C}
	EndGlobalSection
EndGlobal
